
Microsoft Visual Studio Solution File, Format Version 12.00
# Visual Studio Version 16
VisualStudioVersion = 16.0.29418.71
MinimumVisualStudioVersion = 10.0.40219.1
Project("{FAE04EC0-301F-11D3-BF4B-00C04F79EFBC}") = "RandomShopGen", "RandomShopGen\RandomShopGen.csproj", "{3216324F-48FA-4755-9895-C48A0CDBC018}"
EndProject
Project("{FAE04EC0-301F-11D3-BF4B-00C04F79EFBC}") = "RandomShopGen.Lib", "RandomShopGen.Lib\RandomShopGen.Lib.csproj", "{552C67F8-8C65-4E35-8334-789D329DD7DA}"
EndProject
Project("{FAE04EC0-301F-11D3-BF4B-00C04F79EFBC}") = "RandomShopGen.Tests", "RandomShopGen.Tests\RandomShopGen.Tests.csproj", "{001612B6-7454-4AA0-8D41-84181401B162}"
EndProject
Global
	GlobalSection(SolutionConfigurationPlatforms) = preSolution
		Debug|Any CPU = Debug|Any CPU
		Release|Any CPU = Release|Any CPU
	EndGlobalSection
	GlobalSection(ProjectConfigurationPlatforms) = postSolution
		{3216324F-48FA-4755-9895-C48A0CDBC018}.Debug|Any CPU.ActiveCfg = Debug|Any CPU
		{3216324F-48FA-4755-9895-C48A0CDBC018}.Debug|Any CPU.Build.0 = Debug|Any CPU
		{3216324F-48FA-4755-9895-C48A0CDBC018}.Release|Any CPU.ActiveCfg = Release|Any CPU
		{3216324F-48FA-4755-9895-C48A0CDBC018}.Release|Any CPU.Build.0 = Release|Any CPU
		{552C67F8-8C65-4E35-8334-789D329DD7DA}.Debug|Any CPU.ActiveCfg = Debug|Any CPU
		{552C67F8-8C65-4E35-8334-789D329DD7DA}.Debug|Any CPU.Build.0 = Debug|Any CPU
		{552C67F8-8C65-4E35-8334-789D329DD7DA}.Release|Any CPU.ActiveCfg = Release|Any CPU
		{552C67F8-8C65-4E35-8334-789D329DD7DA}.Release|Any CPU.Build.0 = Release|Any CPU
		{001612B6-7454-4AA0-8D41-84181401B162}.Debug|Any CPU.ActiveCfg = Debug|Any CPU
		{001612B6-7454-4AA0-8D41-84181401B162}.Debug|Any CPU.Build.0 = Debug|Any CPU
		{001612B6-7454-4AA0-8D41-84181401B162}.Release|Any CPU.ActiveCfg = Release|Any CPU
		{001612B6-7454-4AA0-8D41-84181401B162}.Release|Any CPU.Build.0 = Release|Any CPU
	EndGlobalSection
	GlobalSection(SolutionProperties) = preSolution
		HideSolutionNode = FALSE
	EndGlobalSection
	GlobalSection(ExtensibilityGlobals) = postSolution
		SolutionGuid = {BA1F596C-AAB3-4D32-8C2E-956D25FDE02C}
	EndGlobalSection
EndGlobal
